{
  "name": "@kubernetix/wordpress",
  "version": "0.0.0",
  "lockfileVersion": 3,
  "requires": true,
  "packages": {
    "": {
      "name": "@kubernetix/wordpress",
      "version": "0.0.0",
      "devDependencies": {
        "@kubernetix/types": "file:///../../types"
      }
    },
    "../../types": {
      "version": "0.0.3",
      "dev": true
    },
    "node_modules/@kubernetix/types": {
      "resolved": "../../types",
      "link": true
    }
  }
}
