{
  "name": "@kubernetix/charts/wordpress",
  "version": "0.0.0",
  "lockfileVersion": 3,
  "requires": true,
  "packages": {
    "": {
      "name": "@kubernetix/charts/wordpress",
      "version": "0.0.0",
      "dependencies": {
        "@kubernetix/types": "file://../../types/",
        "@kubernetix2/types": "git+https://github.com/kubernetix/types.git"
      }
    },
    "../../types": {
      "version": "0.0.3"
    },
    "node_modules/@kubernetix/types": {
      "resolved": "../../types",
      "link": true
    },
    "node_modules/@kubernetix2/types": {
      "name": "@kubernetix/types",
      "version": "0.0.3",
      "resolved": "git+ssh://git@github.com/kubernetix/types.git#7fe15a8daf3868e51eeeb1d63756de5ecab17442"
    }
  }
}
