{
  "name": "@c8x/nextcloud",
  "version": "0.0.1",
  "lockfileVersion": 3,
  "requires": true,
  "packages": {
    "": {
      "name": "@c8x/nextcloud",
      "version": "0.0.1",
      "dependencies": {
        "c8x": "file:../../"
      }
    },
    "../..": {
      "name": "c8x",
      "version": "0.0.19",
      "hasInstallScript": true,
      "license": "MIT",
      "dependencies": {
        "kubernetes-types": "^1.30.0",
        "typescript": "^5.7.3"
      },
      "bin": {
        "c8x": "c8x"
      }
    },
    "node_modules/c8x": {
      "resolved": "../..",
      "link": true
    }
  }
}
