{
  "name": "@c8x/whoami",
  "version": "0.0.6",
  "lockfileVersion": 3,
  "requires": true,
  "packages": {
    "": {
      "name": "@c8x/whoami",
      "version": "0.0.6",
      "dependencies": {
        "c8x": "^0.0.12"
      }
    },
    "node_modules/c8x": {
      "version": "0.0.12",
      "resolved": "https://registry.npmjs.org/c8x/-/c8x-0.0.12.tgz",
      "integrity": "sha512-LCDiVtgJ1cRc3PkbnaJ8pvb6uGFv3ThnxGJ20iQYnRI1OaPsYioxhCA2vJFHiV3O0DTO/V9IdvNcCmZ+csSFPA==",
      "bin": {
        "c8x": "c8x"
      }
    }
  }
}
