{
  "name": "@c8x/wordpress",
  "version": "0.0.1",
  "lockfileVersion": 3,
  "requires": true,
  "packages": {
    "": {
      "name": "@c8x/wordpress",
      "version": "0.0.1",
      "dependencies": {
        "c8x": "^0.0.19"
      }
    },
    "node_modules/c8x": {
      "version": "0.0.19",
      "resolved": "https://registry.npmjs.org/c8x/-/c8x-0.0.19.tgz",
      "integrity": "sha512-IFbLve/kd6N8RVkUnFnI9HWOXRY0y9tgFM3c7uoef6sKEpJH4n55Yg/zoPYZbMX1x7oceNPBTaW9DMGl76TFUg==",
      "hasInstallScript": true,
      "license": "MIT",
      "dependencies": {
        "kubernetes-types": "^1.30.0",
        "typescript": "^5.7.3"
      },
      "bin": {
        "c8x": "c8x"
      }
    },
    "node_modules/kubernetes-types": {
      "version": "1.30.0",
      "resolved": "https://registry.npmjs.org/kubernetes-types/-/kubernetes-types-1.30.0.tgz",
      "integrity": "sha512-Dew1okvhM/SQcIa2rcgujNndZwU8VnSapDgdxlYoB84ZlpAD43U6KLAFqYo17ykSFGHNPrg0qry0bP+GJd9v7Q==",
      "license": "Apache-2.0"
    },
    "node_modules/typescript": {
      "version": "5.9.3",
      "resolved": "https://registry.npmjs.org/typescript/-/typescript-5.9.3.tgz",
      "integrity": "sha512-jl1vZzPDinLr9eUt3J/t7V6FgNEw9QjvBPdysz9KfQDD41fQrC2Y4vKQdiaUpFT4bXlb1RHhLpp8wtm6M5TgSw==",
      "license": "Apache-2.0",
      "bin": {
        "tsc": "bin/tsc",
        "tsserver": "bin/tsserver"
      },
      "engines": {
        "node": ">=14.17"
      }
    }
  }
}
